
Microsoft Visual Studio Solution File, Format Version 12.00
# Visual Studio Version 17
VisualStudioVersion = 17.8.34004.107
MinimumVisualStudioVersion = 10.0.40219.1
Project("{2150E333-8FDC-42A3-9474-1A3956D46DE8}") = "FrontEnd", "FrontEnd", "{3643342C-DEF2-4E16-A1A4-B00420AC2736}"
EndProject
Project("{2150E333-8FDC-42A3-9474-1A3956D46DE8}") = "Integration", "Integration", "{E3F631D7-6695-40BA-8A97-D57B7EC0351C}"
EndProject
Project("{2150E333-8FDC-42A3-9474-1A3956D46DE8}") = "Gateway", "Gateway", "{43450CCE-9404-4825-A1E3-1A0B4AEB3951}"
EndProject
Project("{2150E333-8FDC-42A3-9474-1A3956D46DE8}") = "Services", "Services", "{5F4C41BA-59C5-481B-9048-20EFC60F32EA}"
EndProject
Project("{9A19103F-16F7-4668-BE54-9A1E7A4F7556}") = "Mango.Services.CouponAPI", "Mango.Services.CouponAPI\Mango.Services.CouponAPI.csproj", "{564264FD-5329-47BC-8195-C28F983BB427}"
EndProject
Project("{9A19103F-16F7-4668-BE54-9A1E7A4F7556}") = "Mango.Web", "Mango.Web\Mango.Web.csproj", "{5E6B3518-3B92-4C4E-BEF9-8EECAD465D02}"
EndProject
Project("{9A19103F-16F7-4668-BE54-9A1E7A4F7556}") = "Mango.Services.AuthAPI", "Mango.Services.AuthAPI\Mango.Services.AuthAPI.csproj", "{200C51D5-18E4-4EA2-BEBF-399ABE920D0A}"
EndProject
Project("{9A19103F-16F7-4668-BE54-9A1E7A4F7556}") = "Mango.Services.ProductAPI", "Mango.Services.ProductAPI\Mango.Services.ProductAPI.csproj", "{33DE09C1-738B-49E0-8A57-1A68C5A8F039}"
EndProject
Project("{9A19103F-16F7-4668-BE54-9A1E7A4F7556}") = "Mango.Services.ShoppingCartAPI", "Mango.Services.ShoppingCartAPI\Mango.Services.ShoppingCartAPI.csproj", "{0C0968D7-5150-4B40-8B6B-4A783C149719}"
EndProject
Project("{9A19103F-16F7-4668-BE54-9A1E7A4F7556}") = "Mango.MessageBus", "Mango.MessageBus\Mango.MessageBus.csproj", "{2DBACE77-348F-4182-ADCB-DC9EAF436E37}"
EndProject
Project("{9A19103F-16F7-4668-BE54-9A1E7A4F7556}") = "Mango.Service.EmailAPI", "Mango.Service.EmailAPI\Mango.Service.EmailAPI.csproj", "{30E944B4-DE1C-459D-9208-C402A97DE0DD}"
EndProject
Project("{FAE04EC0-301F-11D3-BF4B-00C04F79EFBC}") = "Mango.Services.OrderAPI", "Mango.Services.OrderAPI\Mango.Services.OrderAPI.csproj", "{5179F476-4766-4A52-83B8-872DDAE44104}"
EndProject
Global
	GlobalSection(SolutionConfigurationPlatforms) = preSolution
		Debug|Any CPU = Debug|Any CPU
		Release|Any CPU = Release|Any CPU
	EndGlobalSection
	GlobalSection(ProjectConfigurationPlatforms) = postSolution
		{564264FD-5329-47BC-8195-C28F983BB427}.Debug|Any CPU.ActiveCfg = Debug|Any CPU
		{564264FD-5329-47BC-8195-C28F983BB427}.Debug|Any CPU.Build.0 = Debug|Any CPU
		{564264FD-5329-47BC-8195-C28F983BB427}.Release|Any CPU.ActiveCfg = Release|Any CPU
		{564264FD-5329-47BC-8195-C28F983BB427}.Release|Any CPU.Build.0 = Release|Any CPU
		{5E6B3518-3B92-4C4E-BEF9-8EECAD465D02}.Debug|Any CPU.ActiveCfg = Debug|Any CPU
		{5E6B3518-3B92-4C4E-BEF9-8EECAD465D02}.Debug|Any CPU.Build.0 = Debug|Any CPU
		{5E6B3518-3B92-4C4E-BEF9-8EECAD465D02}.Release|Any CPU.ActiveCfg = Release|Any CPU
		{5E6B3518-3B92-4C4E-BEF9-8EECAD465D02}.Release|Any CPU.Build.0 = Release|Any CPU
		{200C51D5-18E4-4EA2-BEBF-399ABE920D0A}.Debug|Any CPU.ActiveCfg = Debug|Any CPU
		{200C51D5-18E4-4EA2-BEBF-399ABE920D0A}.Debug|Any CPU.Build.0 = Debug|Any CPU
		{200C51D5-18E4-4EA2-BEBF-399ABE920D0A}.Release|Any CPU.ActiveCfg = Release|Any CPU
		{200C51D5-18E4-4EA2-BEBF-399ABE920D0A}.Release|Any CPU.Build.0 = Release|Any CPU
		{33DE09C1-738B-49E0-8A57-1A68C5A8F039}.Debug|Any CPU.ActiveCfg = Debug|Any CPU
		{33DE09C1-738B-49E0-8A57-1A68C5A8F039}.Debug|Any CPU.Build.0 = Debug|Any CPU
		{33DE09C1-738B-49E0-8A57-1A68C5A8F039}.Release|Any CPU.ActiveCfg = Release|Any CPU
		{33DE09C1-738B-49E0-8A57-1A68C5A8F039}.Release|Any CPU.Build.0 = Release|Any CPU
		{0C0968D7-5150-4B40-8B6B-4A783C149719}.Debug|Any CPU.ActiveCfg = Debug|Any CPU
		{0C0968D7-5150-4B40-8B6B-4A783C149719}.Debug|Any CPU.Build.0 = Debug|Any CPU
		{0C0968D7-5150-4B40-8B6B-4A783C149719}.Release|Any CPU.ActiveCfg = Release|Any CPU
		{0C0968D7-5150-4B40-8B6B-4A783C149719}.Release|Any CPU.Build.0 = Release|Any CPU
		{2DBACE77-348F-4182-ADCB-DC9EAF436E37}.Debug|Any CPU.ActiveCfg = Debug|Any CPU
		{2DBACE77-348F-4182-ADCB-DC9EAF436E37}.Debug|Any CPU.Build.0 = Debug|Any CPU
		{2DBACE77-348F-4182-ADCB-DC9EAF436E37}.Release|Any CPU.ActiveCfg = Release|Any CPU
		{2DBACE77-348F-4182-ADCB-DC9EAF436E37}.Release|Any CPU.Build.0 = Release|Any CPU
		{30E944B4-DE1C-459D-9208-C402A97DE0DD}.Debug|Any CPU.ActiveCfg = Debug|Any CPU
		{30E944B4-DE1C-459D-9208-C402A97DE0DD}.Debug|Any CPU.Build.0 = Debug|Any CPU
		{30E944B4-DE1C-459D-9208-C402A97DE0DD}.Release|Any CPU.ActiveCfg = Release|Any CPU
		{30E944B4-DE1C-459D-9208-C402A97DE0DD}.Release|Any CPU.Build.0 = Release|Any CPU
		{5179F476-4766-4A52-83B8-872DDAE44104}.Debug|Any CPU.ActiveCfg = Debug|Any CPU
		{5179F476-4766-4A52-83B8-872DDAE44104}.Debug|Any CPU.Build.0 = Debug|Any CPU
		{5179F476-4766-4A52-83B8-872DDAE44104}.Release|Any CPU.ActiveCfg = Release|Any CPU
		{5179F476-4766-4A52-83B8-872DDAE44104}.Release|Any CPU.Build.0 = Release|Any CPU
	EndGlobalSection
	GlobalSection(SolutionProperties) = preSolution
		HideSolutionNode = FALSE
	EndGlobalSection
	GlobalSection(NestedProjects) = preSolution
		{564264FD-5329-47BC-8195-C28F983BB427} = {5F4C41BA-59C5-481B-9048-20EFC60F32EA}
		{5E6B3518-3B92-4C4E-BEF9-8EECAD465D02} = {3643342C-DEF2-4E16-A1A4-B00420AC2736}
		{200C51D5-18E4-4EA2-BEBF-399ABE920D0A} = {5F4C41BA-59C5-481B-9048-20EFC60F32EA}
		{33DE09C1-738B-49E0-8A57-1A68C5A8F039} = {5F4C41BA-59C5-481B-9048-20EFC60F32EA}
		{0C0968D7-5150-4B40-8B6B-4A783C149719} = {5F4C41BA-59C5-481B-9048-20EFC60F32EA}
		{2DBACE77-348F-4182-ADCB-DC9EAF436E37} = {E3F631D7-6695-40BA-8A97-D57B7EC0351C}
		{30E944B4-DE1C-459D-9208-C402A97DE0DD} = {5F4C41BA-59C5-481B-9048-20EFC60F32EA}
		{5179F476-4766-4A52-83B8-872DDAE44104} = {5F4C41BA-59C5-481B-9048-20EFC60F32EA}
	EndGlobalSection
	GlobalSection(ExtensibilityGlobals) = postSolution
		SolutionGuid = {254EBC64-B4E5-4F41-A912-C96FB236ACC3}
	EndGlobalSection
EndGlobal
