
Microsoft Visual Studio Solution File, Format Version 12.00
# Visual Studio Version 17
VisualStudioVersion = 17.8.34004.107
MinimumVisualStudioVersion = 10.0.40219.1
Project("{2150E333-8FDC-42A3-9474-1A3956D46DE8}") = "FrontEnd", "FrontEnd", "{3643342C-DEF2-4E16-A1A4-B00420AC2736}"
EndProject
Project("{2150E333-8FDC-42A3-9474-1A3956D46DE8}") = "Integration", "Integration", "{E3F631D7-6695-40BA-8A97-D57B7EC0351C}"
EndProject
Project("{2150E333-8FDC-42A3-9474-1A3956D46DE8}") = "Gateway", "Gateway", "{43450CCE-9404-4825-A1E3-1A0B4AEB3951}"
EndProject
Project("{2150E333-8FDC-42A3-9474-1A3956D46DE8}") = "Services", "Services", "{5F4C41BA-59C5-481B-9048-20EFC60F32EA}"
EndProject
Project("{FAE04EC0-301F-11D3-BF4B-00C04F79EFBC}") = "Mango.Services.CouponAPI", "Mango.Services.CouponAPI\Mango.Services.CouponAPI.csproj", "{564264FD-5329-47BC-8195-C28F983BB427}"
EndProject
Global
	GlobalSection(SolutionConfigurationPlatforms) = preSolution
		Debug|Any CPU = Debug|Any CPU
		Release|Any CPU = Release|Any CPU
	EndGlobalSection
	GlobalSection(ProjectConfigurationPlatforms) = postSolution
		{564264FD-5329-47BC-8195-C28F983BB427}.Debug|Any CPU.ActiveCfg = Debug|Any CPU
		{564264FD-5329-47BC-8195-C28F983BB427}.Debug|Any CPU.Build.0 = Debug|Any CPU
		{564264FD-5329-47BC-8195-C28F983BB427}.Release|Any CPU.ActiveCfg = Release|Any CPU
		{564264FD-5329-47BC-8195-C28F983BB427}.Release|Any CPU.Build.0 = Release|Any CPU
	EndGlobalSection
	GlobalSection(SolutionProperties) = preSolution
		HideSolutionNode = FALSE
	EndGlobalSection
	GlobalSection(NestedProjects) = preSolution
		{564264FD-5329-47BC-8195-C28F983BB427} = {5F4C41BA-59C5-481B-9048-20EFC60F32EA}
	EndGlobalSection
	GlobalSection(ExtensibilityGlobals) = postSolution
		SolutionGuid = {254EBC64-B4E5-4F41-A912-C96FB236ACC3}
	EndGlobalSection
EndGlobal
